
Microsoft Visual Studio Solution File, Format Version 12.00
# Visual Studio Version 17
VisualStudioVersion = 17.5.33414.496
MinimumVisualStudioVersion = 10.0.40219.1
Project("{2150E333-8FDC-42A3-9474-1A3956D46DE8}") = "src", "src", "{7CCC7ADB-A982-4B87-A5B7-98E0AC728C64}"
EndProject
Project("{FAE04EC0-301F-11D3-BF4B-00C04F79EFBC}") = "Phoenix.Presentation.Web", "src\Phoenix.Presentation.Web\Phoenix.Presentation.Web.csproj", "{30DD9B98-8EFA-41DC-8125-403391216FFF}"
EndProject
Global
	GlobalSection(SolutionConfigurationPlatforms) = preSolution
		Debug|Any CPU = Debug|Any CPU
		Release|Any CPU = Release|Any CPU
	EndGlobalSection
	GlobalSection(ProjectConfigurationPlatforms) = postSolution
		{30DD9B98-8EFA-41DC-8125-403391216FFF}.Debug|Any CPU.ActiveCfg = Debug|Any CPU
		{30DD9B98-8EFA-41DC-8125-403391216FFF}.Debug|Any CPU.Build.0 = Debug|Any CPU
		{30DD9B98-8EFA-41DC-8125-403391216FFF}.Release|Any CPU.ActiveCfg = Release|Any CPU
		{30DD9B98-8EFA-41DC-8125-403391216FFF}.Release|Any CPU.Build.0 = Release|Any CPU
	EndGlobalSection
	GlobalSection(SolutionProperties) = preSolution
		HideSolutionNode = FALSE
	EndGlobalSection
	GlobalSection(NestedProjects) = preSolution
		{30DD9B98-8EFA-41DC-8125-403391216FFF} = {7CCC7ADB-A982-4B87-A5B7-98E0AC728C64}
	EndGlobalSection
	GlobalSection(ExtensibilityGlobals) = postSolution
		SolutionGuid = {F1A41CE2-C0D1-46AB-A9F9-625A5497753B}
	EndGlobalSection
EndGlobal
